lockfileVersion: '9.0'

settings:
  autoInstallPeers: true
  excludeLinksFromLockfile: false

importers:

  .:
    dependencies:
      cytoscape:
        specifier: ^3.33.1
        version: 3.33.1

packages:

  cytoscape@3.33.1:
    resolution: {integrity: sha512-iJc4TwyANnOGR1OmWhsS9ayRS3s+XQ185FmuHObThD+5AeJCakAAbWv8KimMTt08xCCLNgneQwFp+JRJOr9qGQ==}
    engines: {node: '>=0.10'}

snapshots:

  cytoscape@3.33.1: {}
